
Microsoft Visual Studio Solution File, Format Version 12.00
# Visual Studio Version 17
VisualStudioVersion = 17.13.35806.99 d17.13
MinimumVisualStudioVersion = 10.0.40219.1
Project("{FAE04EC0-301F-11D3-BF4B-00C04F79EFBC}") = "L20250217", "L20250217.csproj", "{4CECA35D-F0D1-4FB9-AC08-E54FFFD3C0DA}"
EndProject
Global
	GlobalSection(SolutionConfigurationPlatforms) = preSolution
		Debug|Any CPU = Debug|Any CPU
		Release|Any CPU = Release|Any CPU
	EndGlobalSection
	GlobalSection(ProjectConfigurationPlatforms) = postSolution
		{4CECA35D-F0D1-4FB9-AC08-E54FFFD3C0DA}.Debug|Any CPU.ActiveCfg = Debug|Any CPU
		{4CECA35D-F0D1-4FB9-AC08-E54FFFD3C0DA}.Debug|Any CPU.Build.0 = Debug|Any CPU
		{4CECA35D-F0D1-4FB9-AC08-E54FFFD3C0DA}.Release|Any CPU.ActiveCfg = Release|Any CPU
		{4CECA35D-F0D1-4FB9-AC08-E54FFFD3C0DA}.Release|Any CPU.Build.0 = Release|Any CPU
	EndGlobalSection
	GlobalSection(SolutionProperties) = preSolution
		HideSolutionNode = FALSE
	EndGlobalSection
	GlobalSection(ExtensibilityGlobals) = postSolution
		SolutionGuid = {CE1F4B19-6BDE-4666-B837-5F653D22ABA8}
	EndGlobalSection
EndGlobal
